// !$*UTF8*$!
{
	archiveVersion = 1;
	classes = {
	};
	objectVersion = 46;
	objects = {

/* Begin PBXBuildFile section */
		F46AB1261F0BF24800F702F8 /* AppDelegate.swift in Sources */ = {isa = PBXBuildFile; fileRef = F46AB1251F0BF24800F702F8 /* AppDelegate.swift */; };
		F46AB12B1F0BF24800F702F8 /* Main.storyboard in Resources */ = {isa = PBXBuildFile; fileRef = F46AB1291F0BF24800F702F8 /* Main.storyboard */; };
		F46AB12D1F0BF24800F702F8 /* Assets.xcassets in Resources */ = {isa = PBXBuildFile; fileRef = F46AB12C1F0BF24800F702F8 /* Assets.xcassets */; };
		F46AB1301F0BF24800F702F8 /* LaunchScreen.storyboard in Resources */ = {isa = PBXBuildFile; fileRef = F46AB12E1F0BF24800F702F8 /* LaunchScreen.storyboard */; };
		F46AB13B1F0BF24800F702F8 /* Connect4Tests.swift in Sources */ = {isa = PBXBuildFile; fileRef = F46AB13A1F0BF24800F702F8 /* Connect4Tests.swift */; };
		F46AB1461F0BF2CC00F702F8 /* Connect4ViewController.swift in Sources */ = {isa = PBXBuildFile; fileRef = F46AB1451F0BF2CC00F702F8 /* Connect4ViewController.swift */; };
		F46AB1481F0BF34200F702F8 /* Connect4Model.swift in Sources */ = {isa = PBXBuildFile; fileRef = F46AB1471F0BF34200F702F8 /* Connect4Model.swift */; };
		F46AB14A1F0BF3C300F702F8 /* ConnectBoardProtocol.swift in Sources */ = {isa = PBXBuildFile; fileRef = F46AB1491F0BF3C300F702F8 /* ConnectBoardProtocol.swift */; };
		F46AB14C1F0BF58300F702F8 /* GamePlay.swift in Sources */ = {isa = PBXBuildFile; fileRef = F46AB14B1F0BF58300F702F8 /* GamePlay.swift */; };
		F46AB14E1F0BF5AA00F702F8 /* CoordinateConverter.swift in Sources */ = {isa = PBXBuildFile; fileRef = F46AB14D1F0BF5AA00F702F8 /* CoordinateConverter.swift */; };
		F46AB1501F0BF5CE00F702F8 /* GameCollectionViewDataService.swift in Sources */ = {isa = PBXBuildFile; fileRef = F46AB14F1F0BF5CE00F702F8 /* GameCollectionViewDataService.swift */; };
		F46AB1521F0BF60100F702F8 /* PlayerNameTextfieldDelagate.swift in Sources */ = {isa = PBXBuildFile; fileRef = F46AB1511F0BF60100F702F8 /* PlayerNameTextfieldDelagate.swift */; };
		F46AB1541F0BF66400F702F8 /* BoardCollectionViewCell.swift in Sources */ = {isa = PBXBuildFile; fileRef = F46AB1531F0BF66400F702F8 /* BoardCollectionViewCell.swift */; };
		F46AB1561F0BF7C000F702F8 /* Connect4ViewControllerTests.swift in Sources */ = {isa = PBXBuildFile; fileRef = F46AB1551F0BF7C000F702F8 /* Connect4ViewControllerTests.swift */; };
		F46AB1581F0BF81300F702F8 /* CoordinateConverterTests.swift in Sources */ = {isa = PBXBuildFile; fileRef = F46AB1571F0BF81300F702F8 /* CoordinateConverterTests.swift */; };
		F46AB15A1F0BF85F00F702F8 /* GameCollectionViewDataServiceTests.swift in Sources */ = {isa = PBXBuildFile; fileRef = F46AB1591F0BF85F00F702F8 /* GameCollectionViewDataServiceTests.swift */; };
		F46AB15C1F0BF88300F702F8 /* GameTests.swift in Sources */ = {isa = PBXBuildFile; fileRef = F46AB15B1F0BF88300F702F8 /* GameTests.swift */; };
/* End PBXBuildFile section */

/* Begin PBXContainerItemProxy section */
		F46AB1371F0BF24800F702F8 /* PBXContainerItemProxy */ = {
			isa = PBXContainerItemProxy;
			containerPortal = F46AB11A1F0BF24800F702F8 /* Project object */;
			proxyType = 1;
			remoteGlobalIDString = F46AB1211F0BF24800F702F8;
			remoteInfo = Connect4;
		};
/* End PBXContainerItemProxy section */

/* Begin PBXFileReference section */
		F46AB1221F0BF24800F702F8 /* Connect4.app */ = {isa = PBXFileReference; explicitFileType = wrapper.application; includeInIndex = 0; path = Connect4.app; sourceTree = BUILT_PRODUCTS_DIR; };
		F46AB1251F0BF24800F702F8 /* AppDelegate.swift */ = {isa = PBXFileReference; lastKnownFileType = sourcecode.swift; path = AppDelegate.swift; sourceTree = "<group>"; };
		F46AB12A1F0BF24800F702F8 /* Base */ = {isa = PBXFileReference; lastKnownFileType = file.storyboard; name = Base; path = Base.lproj/Main.storyboard; sourceTree = "<group>"; };
		F46AB12C1F0BF24800F702F8 /* Assets.xcassets */ = {isa = PBXFileReference; lastKnownFileType = folder.assetcatalog; path = Assets.xcassets; sourceTree = "<group>"; };
		F46AB12F1F0BF24800F702F8 /* Base */ = {isa = PBXFileReference; lastKnownFileType = file.storyboard; name = Base; path = Base.lproj/LaunchScreen.storyboard; sourceTree = "<group>"; };
		F46AB1311F0BF24800F702F8 /* Info.plist */ = {isa = PBXFileReference; lastKnownFileType = text.plist.xml; path = Info.plist; sourceTree = "<group>"; };
		F46AB1361F0BF24800F702F8 /* Connect4Tests.xctest */ = {isa = PBXFileReference; explicitFileType = wrapper.cfbundle; includeInIndex = 0; path = Connect4Tests.xctest; sourceTree = BUILT_PRODUCTS_DIR; };
		F46AB13A1F0BF24800F702F8 /* Connect4Tests.swift */ = {isa = PBXFileReference; lastKnownFileType = sourcecode.swift; path = Connect4Tests.swift; sourceTree = "<group>"; };
		F46AB13C1F0BF24800F702F8 /* Info.plist */ = {isa = PBXFileReference; lastKnownFileType = text.plist.xml; path = Info.plist; sourceTree = "<group>"; };
		F46AB1451F0BF2CC00F702F8 /* Connect4ViewController.swift */ = {isa = PBXFileReference; fileEncoding = 4; lastKnownFileType = sourcecode.swift; path = Connect4ViewController.swift; sourceTree = "<group>"; };
		F46AB1471F0BF34200F702F8 /* Connect4Model.swift */ = {isa = PBXFileReference; fileEncoding = 4; lastKnownFileType = sourcecode.swift; path = Connect4Model.swift; sourceTree = "<group>"; };
		F46AB1491F0BF3C300F702F8 /* ConnectBoardProtocol.swift */ = {isa = PBXFileReference; fileEncoding = 4; lastKnownFileType = sourcecode.swift; path = ConnectBoardProtocol.swift; sourceTree = "<group>"; };
		F46AB14B1F0BF58300F702F8 /* GamePlay.swift */ = {isa = PBXFileReference; fileEncoding = 4; lastKnownFileType = sourcecode.swift; path = GamePlay.swift; sourceTree = "<group>"; };
		F46AB14D1F0BF5AA00F702F8 /* CoordinateConverter.swift */ = {isa = PBXFileReference; fileEncoding = 4; lastKnownFileType = sourcecode.swift; path = CoordinateConverter.swift; sourceTree = "<group>"; };
		F46AB14F1F0BF5CE00F702F8 /* GameCollectionViewDataService.swift */ = {isa = PBXFileReference; fileEncoding = 4; lastKnownFileType = sourcecode.swift; path = GameCollectionViewDataService.swift; sourceTree = "<group>"; };
		F46AB1511F0BF60100F702F8 /* PlayerNameTextfieldDelagate.swift */ = {isa = PBXFileReference; fileEncoding = 4; lastKnownFileType = sourcecode.swift; path = PlayerNameTextfieldDelagate.swift; sourceTree = "<group>"; };
		F46AB1531F0BF66400F702F8 /* BoardCollectionViewCell.swift */ = {isa = PBXFileReference; fileEncoding = 4; lastKnownFileType = sourcecode.swift; path = BoardCollectionViewCell.swift; sourceTree = "<group>"; };
		F46AB1551F0BF7C000F702F8 /* Connect4ViewControllerTests.swift */ = {isa = PBXFileReference; fileEncoding = 4; lastKnownFileType = sourcecode.swift; path = Connect4ViewControllerTests.swift; sourceTree = "<group>"; };
		F46AB1571F0BF81300F702F8 /* CoordinateConverterTests.swift */ = {isa = PBXFileReference; fileEncoding = 4; lastKnownFileType = sourcecode.swift; path = CoordinateConverterTests.swift; sourceTree = "<group>"; };
		F46AB1591F0BF85F00F702F8 /* GameCollectionViewDataServiceTests.swift */ = {isa = PBXFileReference; fileEncoding = 4; lastKnownFileType = sourcecode.swift; path = GameCollectionViewDataServiceTests.swift; sourceTree = "<group>"; };
		F46AB15B1F0BF88300F702F8 /* GameTests.swift */ = {isa = PBXFileReference; fileEncoding = 4; lastKnownFileType = sourcecode.swift; path = GameTests.swift; sourceTree = "<group>"; };
/* End PBXFileReference section */

/* Begin PBXFrameworksBuildPhase section */
		F46AB11F1F0BF24800F702F8 /* Frameworks */ = {
			isa = PBXFrameworksBuildPhase;
			buildActionMask = 2147483647;
			files = (
			);
			runOnlyForDeploymentPostprocessing = 0;
		};
		F46AB1331F0BF24800F702F8 /* Frameworks */ = {
			isa = PBXFrameworksBuildPhase;
			buildActionMask = 2147483647;
			files = (
			);
			runOnlyForDeploymentPostprocessing = 0;
		};
/* End PBXFrameworksBuildPhase section */

/* Begin PBXGroup section */
		F46AB1191F0BF24800F702F8 = {
			isa = PBXGroup;
			children = (
				F46AB1241F0BF24800F702F8 /* Connect4 */,
				F46AB1391F0BF24800F702F8 /* Connect4Tests */,
				F46AB1231F0BF24800F702F8 /* Products */,
			);
			sourceTree = "<group>";
		};
		F46AB1231F0BF24800F702F8 /* Products */ = {
			isa = PBXGroup;
			children = (
				F46AB1221F0BF24800F702F8 /* Connect4.app */,
				F46AB1361F0BF24800F702F8 /* Connect4Tests.xctest */,
			);
			name = Products;
			sourceTree = "<group>";
		};
		F46AB1241F0BF24800F702F8 /* Connect4 */ = {
			isa = PBXGroup;
			children = (
				F46AB1451F0BF2CC00F702F8 /* Connect4ViewController.swift */,
				F46AB1471F0BF34200F702F8 /* Connect4Model.swift */,
				F46AB14B1F0BF58300F702F8 /* GamePlay.swift */,
				F46AB14D1F0BF5AA00F702F8 /* CoordinateConverter.swift */,
				F46AB14F1F0BF5CE00F702F8 /* GameCollectionViewDataService.swift */,
				F46AB1511F0BF60100F702F8 /* PlayerNameTextfieldDelagate.swift */,
				F46AB1491F0BF3C300F702F8 /* ConnectBoardProtocol.swift */,
				F46AB1531F0BF66400F702F8 /* BoardCollectionViewCell.swift */,
				F46AB1291F0BF24800F702F8 /* Main.storyboard */,
				F46AB12C1F0BF24800F702F8 /* Assets.xcassets */,
				F46AB12E1F0BF24800F702F8 /* LaunchScreen.storyboard */,
				F46AB1311F0BF24800F702F8 /* Info.plist */,
				F46AB1251F0BF24800F702F8 /* AppDelegate.swift */,
			);
			path = Connect4;
			sourceTree = "<group>";
		};
		F46AB1391F0BF24800F702F8 /* Connect4Tests */ = {
			isa = PBXGroup;
			children = (
				F46AB13A1F0BF24800F702F8 /* Connect4Tests.swift */,
				F46AB1551F0BF7C000F702F8 /* Connect4ViewControllerTests.swift */,
				F46AB1571F0BF81300F702F8 /* CoordinateConverterTests.swift */,
				F46AB13C1F0BF24800F702F8 /* Info.plist */,
				F46AB1591F0BF85F00F702F8 /* GameCollectionViewDataServiceTests.swift */,
				F46AB15B1F0BF88300F702F8 /* GameTests.swift */,
			);
			path = Connect4Tests;
			sourceTree = "<group>";
		};
/* End PBXGroup section */

/* Begin PBXNativeTarget section */
		F46AB1211F0BF24800F702F8 /* Connect4 */ = {
			isa = PBXNativeTarget;
			buildConfigurationList = F46AB13F1F0BF24800F702F8 /* Build configuration list for PBXNativeTarget "Connect4" */;
			buildPhases = (
				F46AB11E1F0BF24800F702F8 /* Sources */,
				F46AB11F1F0BF24800F702F8 /* Frameworks */,
				F46AB1201F0BF24800F702F8 /* Resources */,
			);
			buildRules = (
			);
			dependencies = (
			);
			name = Connect4;
			productName = Connect4;
			productReference = F46AB1221F0BF24800F702F8 /* Connect4.app */;
			productType = "com.apple.product-type.application";
		};
		F46AB1351F0BF24800F702F8 /* Connect4Tests */ = {
			isa = PBXNativeTarget;
			buildConfigurationList = F46AB1421F0BF24800F702F8 /* Build configuration list for PBXNativeTarget "Connect4Tests" */;
			buildPhases = (
				F46AB1321F0BF24800F702F8 /* Sources */,
				F46AB1331F0BF24800F702F8 /* Frameworks */,
				F46AB1341F0BF24800F702F8 /* Resources */,
			);
			buildRules = (
			);
			dependencies = (
				F46AB1381F0BF24800F702F8 /* PBXTargetDependency */,
			);
			name = Connect4Tests;
			productName = Connect4Tests;
			productReference = F46AB1361F0BF24800F702F8 /* Connect4Tests.xctest */;
			productType = "com.apple.product-type.bundle.unit-test";
		};
/* End PBXNativeTarget section */

/* Begin PBXProject section */
		F46AB11A1F0BF24800F702F8 /* Project object */ = {
			isa = PBXProject;
			attributes = {
				LastSwiftUpdateCheck = 0830;
				LastUpgradeCheck = 1120;
				ORGANIZATIONNAME = "Simon Gardener";
				TargetAttributes = {
					F46AB1211F0BF24800F702F8 = {
						CreatedOnToolsVersion = 8.3.3;
						DevelopmentTeam = 28P58W4QM2;
						ProvisioningStyle = Automatic;
					};
					F46AB1351F0BF24800F702F8 = {
						CreatedOnToolsVersion = 8.3.3;
						DevelopmentTeam = 28P58W4QM2;
						ProvisioningStyle = Automatic;
						TestTargetID = F46AB1211F0BF24800F702F8;
					};
				};
			};
			buildConfigurationList = F46AB11D1F0BF24800F702F8 /* Build configuration list for PBXProject "Connect4" */;
			compatibilityVersion = "Xcode 3.2";
			developmentRegion = en;
			hasScannedForEncodings = 0;
			knownRegions = (
				en,
				Base,
			);
			mainGroup = F46AB1191F0BF24800F702F8;
			productRefGroup = F46AB1231F0BF24800F702F8 /* Products */;
			projectDirPath = "";
			projectRoot = "";
			targets = (
				F46AB1211F0BF24800F702F8 /* Connect4 */,
				F46AB1351F0BF24800F702F8 /* Connect4Tests */,
			);
		};
/* End PBXProject section */

/* Begin PBXResourcesBuildPhase section */
		F46AB1201F0BF24800F702F8 /* Resources */ = {
			isa = PBXResourcesBuildPhase;
			buildActionMask = 2147483647;
			files = (
				F46AB1301F0BF24800F702F8 /* LaunchScreen.storyboard in Resources */,
				F46AB12D1F0BF24800F702F8 /* Assets.xcassets in Resources */,
				F46AB12B1F0BF24800F702F8 /* Main.storyboard in Resources */,
			);
			runOnlyForDeploymentPostprocessing = 0;
		};
		F46AB1341F0BF24800F702F8 /* Resources */ = {
			isa = PBXResourcesBuildPhase;
			buildActionMask = 2147483647;
			files = (
			);
			runOnlyForDeploymentPostprocessing = 0;
		};
/* End PBXResourcesBuildPhase section */

/* Begin PBXSourcesBuildPhase section */
		F46AB11E1F0BF24800F702F8 /* Sources */ = {
			isa = PBXSourcesBuildPhase;
			buildActionMask = 2147483647;
			files = (
				F46AB14C1F0BF58300F702F8 /* GamePlay.swift in Sources */,
				F46AB1461F0BF2CC00F702F8 /* Connect4ViewController.swift in Sources */,
				F46AB1541F0BF66400F702F8 /* BoardCollectionViewCell.swift in Sources */,
				F46AB14A1F0BF3C300F702F8 /* ConnectBoardProtocol.swift in Sources */,
				F46AB1481F0BF34200F702F8 /* Connect4Model.swift in Sources */,
				F46AB14E1F0BF5AA00F702F8 /* CoordinateConverter.swift in Sources */,
				F46AB1261F0BF24800F702F8 /* AppDelegate.swift in Sources */,
				F46AB1521F0BF60100F702F8 /* PlayerNameTextfieldDelagate.swift in Sources */,
				F46AB1501F0BF5CE00F702F8 /* GameCollectionViewDataService.swift in Sources */,
			);
			runOnlyForDeploymentPostprocessing = 0;
		};
		F46AB1321F0BF24800F702F8 /* Sources */ = {
			isa = PBXSourcesBuildPhase;
			buildActionMask = 2147483647;
			files = (
				F46AB1561F0BF7C000F702F8 /* Connect4ViewControllerTests.swift in Sources */,
				F46AB1581F0BF81300F702F8 /* CoordinateConverterTests.swift in Sources */,
				F46AB15A1F0BF85F00F702F8 /* GameCollectionViewDataServiceTests.swift in Sources */,
				F46AB13B1F0BF24800F702F8 /* Connect4Tests.swift in Sources */,
				F46AB15C1F0BF88300F702F8 /* GameTests.swift in Sources */,
			);
			runOnlyForDeploymentPostprocessing = 0;
		};
/* End PBXSourcesBuildPhase section */

/* Begin PBXTargetDependency section */
		F46AB1381F0BF24800F702F8 /* PBXTargetDependency */ = {
			isa = PBXTargetDependency;
			target = F46AB1211F0BF24800F702F8 /* Connect4 */;
			targetProxy = F46AB1371F0BF24800F702F8 /* PBXContainerItemProxy */;
		};
/* End PBXTargetDependency section */

/* Begin PBXVariantGroup section */
		F46AB1291F0BF24800F702F8 /* Main.storyboard */ = {
			isa = PBXVariantGroup;
			children = (
				F46AB12A1F0BF24800F702F8 /* Base */,
			);
			name = Main.storyboard;
			sourceTree = "<group>";
		};
		F46AB12E1F0BF24800F702F8 /* LaunchScreen.storyboard */ = {
			isa = PBXVariantGroup;
			children = (
				F46AB12F1F0BF24800F702F8 /* Base */,
			);
			name = LaunchScreen.storyboard;
			sourceTree = "<group>";
		};
/* End PBXVariantGroup section */

/* Begin XCBuildConfiguration section */
		F46AB13D1F0BF24800F702F8 /* Debug */ = {
			isa = XCBuildConfiguration;
			buildSettings = {
				ALWAYS_SEARCH_USER_PATHS = NO;
				CLANG_ANALYZER_LOCALIZABILITY_NONLOCALIZED = YES;
				CLANG_ANALYZER_NONNULL = YES;
				CLANG_ANALYZER_NUMBER_OBJECT_CONVERSION = YES_AGGRESSIVE;
				CLANG_CXX_LANGUAGE_STANDARD = "gnu++0x";
				CLANG_CXX_LIBRARY = "libc++";
				CLANG_ENABLE_MODULES = YES;
				CLANG_ENABLE_OBJC_ARC = YES;
				CLANG_WARN_BLOCK_CAPTURE_AUTORELEASING = YES;
				CLANG_WARN_BOOL_CONVERSION = YES;
				CLANG_WARN_COMMA = YES;
				CLANG_WARN_CONSTANT_CONVERSION = YES;
				CLANG_WARN_DEPRECATED_OBJC_IMPLEMENTATIONS = YES;
				CLANG_WARN_DIRECT_OBJC_ISA_USAGE = YES_ERROR;
				CLANG_WARN_DOCUMENTATION_COMMENTS = YES;
				CLANG_WARN_EMPTY_BODY = YES;
				CLANG_WARN_ENUM_CONVERSION = YES;
				CLANG_WARN_INFINITE_RECURSION = YES;
				CLANG_WARN_INT_CONVERSION = YES;
				CLANG_WARN_NON_LITERAL_NULL_CONVERSION = YES;
				CLANG_WARN_OBJC_IMPLICIT_RETAIN_SELF = YES;
				CLANG_WARN_OBJC_LITERAL_CONVERSION = YES;
				CLANG_WARN_OBJC_ROOT_CLASS = YES_ERROR;
				CLANG_WARN_RANGE_LOOP_ANALYSIS = YES;
				CLANG_WARN_STRICT_PROTOTYPES = YES;
				CLANG_WARN_SUSPICIOUS_MOVE = YES;
				CLANG_WARN_UNREACHABLE_CODE = YES;
				CLANG_WARN__DUPLICATE_METHOD_MATCH = YES;
				"CODE_SIGN_IDENTITY[sdk=iphoneos*]" = "iPhone Developer";
				COPY_PHASE_STRIP = NO;
				DEBUG_INFORMATION_FORMAT = dwarf;
				ENABLE_STRICT_OBJC_MSGSEND = YES;
				ENABLE_TESTABILITY = YES;
				GCC_C_LANGUAGE_STANDARD = gnu99;
				GCC_DYNAMIC_NO_PIC = NO;
				GCC_NO_COMMON_BLOCKS = YES;
				GCC_OPTIMIZATION_LEVEL = 0;
				GCC_PREPROCESSOR_DEFINITIONS = (
					"DEBUG=1",
					"$(inherited)",
				);
				GCC_WARN_64_TO_32_BIT_CONVERSION = YES;
				GCC_WARN_ABOUT_RETURN_TYPE = YES_ERROR;
				GCC_WARN_UNDECLARED_SELECTOR = YES;
				GCC_WARN_UNINITIALIZED_AUTOS = YES_AGGRESSIVE;
				GCC_WARN_UNUSED_FUNCTION = YES;
				GCC_WARN_UNUSED_VARIABLE = YES;
				IPHONEOS_DEPLOYMENT_TARGET = 10.3;
				MTL_ENABLE_DEBUG_INFO = YES;
				ONLY_ACTIVE_ARCH = YES;
				SDKROOT = iphoneos;
				SWIFT_ACTIVE_COMPILATION_CONDITIONS = DEBUG;
				SWIFT_OPTIMIZATION_LEVEL = "-Onone";
			};
			name = Debug;
		};
		F46AB13E1F0BF24800F702F8 /* Release */ = {
			isa = XCBuildConfiguration;
			buildSettings = {
				ALWAYS_SEARCH_USER_PATHS = NO;
				CLANG_ANALYZER_LOCALIZABILITY_NONLOCALIZED = YES;
				CLANG_ANALYZER_NONNULL = YES;
				CLANG_ANALYZER_NUMBER_OBJECT_CONVERSION = YES_AGGRESSIVE;
				CLANG_CXX_LANGUAGE_STANDARD = "gnu++0x";
				CLANG_CXX_LIBRARY = "libc++";
				CLANG_ENABLE_MODULES = YES;
				CLANG_ENABLE_OBJC_ARC = YES;
				CLANG_WARN_BLOCK_CAPTURE_AUTORELEASING = YES;
				CLANG_WARN_BOOL_CONVERSION = YES;
				CLANG_WARN_COMMA = YES;
				CLANG_WARN_CONSTANT_CONVERSION = YES;
				CLANG_WARN_DEPRECATED_OBJC_IMPLEMENTATIONS = YES;
				CLANG_WARN_DIRECT_OBJC_ISA_USAGE = YES_ERROR;
				CLANG_WARN_DOCUMENTATION_COMMENTS = YES;
				CLANG_WARN_EMPTY_BODY = YES;
				CLANG_WARN_ENUM_CONVERSION = YES;
				CLANG_WARN_INFINITE_RECURSION = YES;
				CLANG_WARN_INT_CONVERSION = YES;
				CLANG_WARN_NON_LITERAL_NULL_CONVERSION = YES;
				CLANG_WARN_OBJC_IMPLICIT_RETAIN_SELF = YES;
				CLANG_WARN_OBJC_LITERAL_CONVERSION = YES;
				CLANG_WARN_OBJC_ROOT_CLASS = YES_ERROR;
				CLANG_WARN_RANGE_LOOP_ANALYSIS = YES;
				CLANG_WARN_STRICT_PROTOTYPES = YES;
				CLANG_WARN_SUSPICIOUS_MOVE = YES;
				CLANG_WARN_UNREACHABLE_CODE = YES;
				CLANG_WARN__DUPLICATE_METHOD_MATCH = YES;
				"CODE_SIGN_IDENTITY[sdk=iphoneos*]" = "iPhone Developer";
				COPY_PHASE_STRIP = NO;
				DEBUG_INFORMATION_FORMAT = "dwarf-with-dsym";
				ENABLE_NS_ASSERTIONS = NO;
				ENABLE_STRICT_OBJC_MSGSEND = YES;
				GCC_C_LANGUAGE_STANDARD = gnu99;
				GCC_NO_COMMON_BLOCKS = YES;
				GCC_WARN_64_TO_32_BIT_CONVERSION = YES;
				GCC_WARN_ABOUT_RETURN_TYPE = YES_ERROR;
				GCC_WARN_UNDECLARED_SELECTOR = YES;
				GCC_WARN_UNINITIALIZED_AUTOS = YES_AGGRESSIVE;
				GCC_WARN_UNUSED_FUNCTION = YES;
				GCC_WARN_UNUSED_VARIABLE = YES;
				IPHONEOS_DEPLOYMENT_TARGET = 10.3;
				MTL_ENABLE_DEBUG_INFO = NO;
				SDKROOT = iphoneos;
				SWIFT_OPTIMIZATION_LEVEL = "-Owholemodule";
				VALIDATE_PRODUCT = YES;
			};
			name = Release;
		};
		F46AB1401F0BF24800F702F8 /* Debug */ = {
			isa = XCBuildConfiguration;
			buildSettings = {
				ASSETCATALOG_COMPILER_APPICON_NAME = AppIcon;
				DEVELOPMENT_TEAM = 28P58W4QM2;
				INFOPLIST_FILE = Connect4/Info.plist;
				LD_RUNPATH_SEARCH_PATHS = "$(inherited) @executable_path/Frameworks";
				PRODUCT_BUNDLE_IDENTIFIER = co.uk.20thcenturyfish.Connect4;
				PRODUCT_NAME = "$(TARGET_NAME)";
				SWIFT_VERSION = 5.0;
			};
			name = Debug;
		};
		F46AB1411F0BF24800F702F8 /* Release */ = {
			isa = XCBuildConfiguration;
			buildSettings = {
				ASSETCATALOG_COMPILER_APPICON_NAME = AppIcon;
				DEVELOPMENT_TEAM = 28P58W4QM2;
				INFOPLIST_FILE = Connect4/Info.plist;
				LD_RUNPATH_SEARCH_PATHS = "$(inherited) @executable_path/Frameworks";
				PRODUCT_BUNDLE_IDENTIFIER = co.uk.20thcenturyfish.Connect4;
				PRODUCT_NAME = "$(TARGET_NAME)";
				SWIFT_VERSION = 5.0;
			};
			name = Release;
		};
		F46AB1431F0BF24800F702F8 /* Debug */ = {
			isa = XCBuildConfiguration;
			buildSettings = {
				ALWAYS_EMBED_SWIFT_STANDARD_LIBRARIES = YES;
				BUNDLE_LOADER = "$(TEST_HOST)";
				DEVELOPMENT_TEAM = 28P58W4QM2;
				INFOPLIST_FILE = Connect4Tests/Info.plist;
				LD_RUNPATH_SEARCH_PATHS = "$(inherited) @executable_path/Frameworks @loader_path/Frameworks";
				PRODUCT_BUNDLE_IDENTIFIER = co.uk.20thcenturyfish.Connect4Tests;
				PRODUCT_NAME = "$(TARGET_NAME)";
				SWIFT_VERSION = 5.0;
				TEST_HOST = "$(BUILT_PRODUCTS_DIR)/Connect4.app/Connect4";
			};
			name = Debug;
		};
		F46AB1441F0BF24800F702F8 /* Release */ = {
			isa = XCBuildConfiguration;
			buildSettings = {
				ALWAYS_EMBED_SWIFT_STANDARD_LIBRARIES = YES;
				BUNDLE_LOADER = "$(TEST_HOST)";
				DEVELOPMENT_TEAM = 28P58W4QM2;
				INFOPLIST_FILE = Connect4Tests/Info.plist;
				LD_RUNPATH_SEARCH_PATHS = "$(inherited) @executable_path/Frameworks @loader_path/Frameworks";
				PRODUCT_BUNDLE_IDENTIFIER = co.uk.20thcenturyfish.Connect4Tests;
				PRODUCT_NAME = "$(TARGET_NAME)";
				SWIFT_VERSION = 5.0;
				TEST_HOST = "$(BUILT_PRODUCTS_DIR)/Connect4.app/Connect4";
			};
			name = Release;
		};
/* End XCBuildConfiguration section */

/* Begin XCConfigurationList section */
		F46AB11D1F0BF24800F702F8 /* Build configuration list for PBXProject "Connect4" */ = {
			isa = XCConfigurationList;
			buildConfigurations = (
				F46AB13D1F0BF24800F702F8 /* Debug */,
				F46AB13E1F0BF24800F702F8 /* Release */,
			);
			defaultConfigurationIsVisible = 0;
			defaultConfigurationName = Release;
		};
		F46AB13F1F0BF24800F702F8 /* Build configuration list for PBXNativeTarget "Connect4" */ = {
			isa = XCConfigurationList;
			buildConfigurations = (
				F46AB1401F0BF24800F702F8 /* Debug */,
				F46AB1411F0BF24800F702F8 /* Release */,
			);
			defaultConfigurationIsVisible = 0;
			defaultConfigurationName = Release;
		};
		F46AB1421F0BF24800F702F8 /* Build configuration list for PBXNativeTarget "Connect4Tests" */ = {
			isa = XCConfigurationList;
			buildConfigurations = (
				F46AB1431F0BF24800F702F8 /* Debug */,
				F46AB1441F0BF24800F702F8 /* Release */,
			);
			defaultConfigurationIsVisible = 0;
			defaultConfigurationName = Release;
		};
/* End XCConfigurationList section */
	};
	rootObject = F46AB11A1F0BF24800F702F8 /* Project object */;
}
